// !$*UTF8*$!
{
	archiveVersion = 1;
	classes = {
	};
	objectVersion = 56;
	objects = {

/* Begin PBXBuildFile section */
		DA8B413C29AC5840007B09A2 /* AppDelegate.swift in Sources */ = {isa = PBXBuildFile; fileRef = DA8B413B29AC5840007B09A2 /* AppDelegate.swift */; };
		DA8B413E29AC5840007B09A2 /* SceneDelegate.swift in Sources */ = {isa = PBXBuildFile; fileRef = DA8B413D29AC5840007B09A2 /* SceneDelegate.swift */; };
		DA8B414029AC5840007B09A2 /* ViewController.swift in Sources */ = {isa = PBXBuildFile; fileRef = DA8B413F29AC5840007B09A2 /* ViewController.swift */; };
		DA8B414329AC5840007B09A2 /* Main.storyboard in Resources */ = {isa = PBXBuildFile; fileRef = DA8B414129AC5840007B09A2 /* Main.storyboard */; };
		DA8B414529AC5842007B09A2 /* Assets.xcassets in Resources */ = {isa = PBXBuildFile; fileRef = DA8B414429AC5842007B09A2 /* Assets.xcassets */; };
		DA8B414829AC5842007B09A2 /* LaunchScreen.storyboard in Resources */ = {isa = PBXBuildFile; fileRef = DA8B414629AC5842007B09A2 /* LaunchScreen.storyboard */; };
		DA8B415329AC5843007B09A2 /* tableviewTests.swift in Sources */ = {isa = PBXBuildFile; fileRef = DA8B415229AC5843007B09A2 /* tableviewTests.swift */; };
		DA8B415D29AC5843007B09A2 /* tableviewUITests.swift in Sources */ = {isa = PBXBuildFile; fileRef = DA8B415C29AC5843007B09A2 /* tableviewUITests.swift */; };
		DA8B415F29AC5843007B09A2 /* tableviewUITestsLaunchTests.swift in Sources */ = {isa = PBXBuildFile; fileRef = DA8B415E29AC5843007B09A2 /* tableviewUITestsLaunchTests.swift */; };
		DA8B416C29AC5E28007B09A2 /* LanguageName.swift in Sources */ = {isa = PBXBuildFile; fileRef = DA8B416B29AC5E28007B09A2 /* LanguageName.swift */; };
		DA8B417029AC6057007B09A2 /* SecondViewController.swift in Sources */ = {isa = PBXBuildFile; fileRef = DA8B416F29AC6057007B09A2 /* SecondViewController.swift */; };
/* End PBXBuildFile section */

/* Begin PBXContainerItemProxy section */
		DA8B414F29AC5843007B09A2 /* PBXContainerItemProxy */ = {
			isa = PBXContainerItemProxy;
			containerPortal = DA8B413029AC5840007B09A2 /* Project object */;
			proxyType = 1;
			remoteGlobalIDString = DA8B413729AC5840007B09A2;
			remoteInfo = tableview;
		};
		DA8B415929AC5843007B09A2 /* PBXContainerItemProxy */ = {
			isa = PBXContainerItemProxy;
			containerPortal = DA8B413029AC5840007B09A2 /* Project object */;
			proxyType = 1;
			remoteGlobalIDString = DA8B413729AC5840007B09A2;
			remoteInfo = tableview;
		};
/* End PBXContainerItemProxy section */

/* Begin PBXFileReference section */
		DA8B413829AC5840007B09A2 /* tableview.app */ = {isa = PBXFileReference; explicitFileType = wrapper.application; includeInIndex = 0; path = tableview.app; sourceTree = BUILT_PRODUCTS_DIR; };
		DA8B413B29AC5840007B09A2 /* AppDelegate.swift */ = {isa = PBXFileReference; lastKnownFileType = sourcecode.swift; path = AppDelegate.swift; sourceTree = "<group>"; };
		DA8B413D29AC5840007B09A2 /* SceneDelegate.swift */ = {isa = PBXFileReference; lastKnownFileType = sourcecode.swift; path = SceneDelegate.swift; sourceTree = "<group>"; };
		DA8B413F29AC5840007B09A2 /* ViewController.swift */ = {isa = PBXFileReference; lastKnownFileType = sourcecode.swift; path = ViewController.swift; sourceTree = "<group>"; };
		DA8B414229AC5840007B09A2 /* Base */ = {isa = PBXFileReference; lastKnownFileType = file.storyboard; name = Base; path = Base.lproj/Main.storyboard; sourceTree = "<group>"; };
		DA8B414429AC5842007B09A2 /* Assets.xcassets */ = {isa = PBXFileReference; lastKnownFileType = folder.assetcatalog; path = Assets.xcassets; sourceTree = "<group>"; };
		DA8B414729AC5842007B09A2 /* Base */ = {isa = PBXFileReference; lastKnownFileType = file.storyboard; name = Base; path = Base.lproj/LaunchScreen.storyboard; sourceTree = "<group>"; };
		DA8B414929AC5842007B09A2 /* Info.plist */ = {isa = PBXFileReference; lastKnownFileType = text.plist.xml; path = Info.plist; sourceTree = "<group>"; };
		DA8B414E29AC5843007B09A2 /* tableviewTests.xctest */ = {isa = PBXFileReference; explicitFileType = wrapper.cfbundle; includeInIndex = 0; path = tableviewTests.xctest; sourceTree = BUILT_PRODUCTS_DIR; };
		DA8B415229AC5843007B09A2 /* tableviewTests.swift */ = {isa = PBXFileReference; lastKnownFileType = sourcecode.swift; path = tableviewTests.swift; sourceTree = "<group>"; };
		DA8B415829AC5843007B09A2 /* tableviewUITests.xctest */ = {isa = PBXFileReference; explicitFileType = wrapper.cfbundle; includeInIndex = 0; path = tableviewUITests.xctest; sourceTree = BUILT_PRODUCTS_DIR; };
		DA8B415C29AC5843007B09A2 /* tableviewUITests.swift */ = {isa = PBXFileReference; lastKnownFileType = sourcecode.swift; path = tableviewUITests.swift; sourceTree = "<group>"; };
		DA8B415E29AC5843007B09A2 /* tableviewUITestsLaunchTests.swift */ = {isa = PBXFileReference; lastKnownFileType = sourcecode.swift; path = tableviewUITestsLaunchTests.swift; sourceTree = "<group>"; };
		DA8B416B29AC5E28007B09A2 /* LanguageName.swift */ = {isa = PBXFileReference; lastKnownFileType = sourcecode.swift; path = LanguageName.swift; sourceTree = "<group>"; };
		DA8B416F29AC6057007B09A2 /* SecondViewController.swift */ = {isa = PBXFileReference; lastKnownFileType = sourcecode.swift; path = SecondViewController.swift; sourceTree = "<group>"; };
/* End PBXFileReference section */

/* Begin PBXFrameworksBuildPhase section */
		DA8B413529AC5840007B09A2 /* Frameworks */ = {
			isa = PBXFrameworksBuildPhase;
			buildActionMask = 2147483647;
			files = (
			);
			runOnlyForDeploymentPostprocessing = 0;
		};
		DA8B414B29AC5843007B09A2 /* Frameworks */ = {
			isa = PBXFrameworksBuildPhase;
			buildActionMask = 2147483647;
			files = (
			);
			runOnlyForDeploymentPostprocessing = 0;
		};
		DA8B415529AC5843007B09A2 /* Frameworks */ = {
			isa = PBXFrameworksBuildPhase;
			buildActionMask = 2147483647;
			files = (
			);
			runOnlyForDeploymentPostprocessing = 0;
		};
/* End PBXFrameworksBuildPhase section */

/* Begin PBXGroup section */
		DA8B412F29AC5840007B09A2 = {
			isa = PBXGroup;
			children = (
				DA8B413A29AC5840007B09A2 /* tableview */,
				DA8B415129AC5843007B09A2 /* tableviewTests */,
				DA8B415B29AC5843007B09A2 /* tableviewUITests */,
				DA8B413929AC5840007B09A2 /* Products */,
			);
			sourceTree = "<group>";
		};
		DA8B413929AC5840007B09A2 /* Products */ = {
			isa = PBXGroup;
			children = (
				DA8B413829AC5840007B09A2 /* tableview.app */,
				DA8B414E29AC5843007B09A2 /* tableviewTests.xctest */,
				DA8B415829AC5843007B09A2 /* tableviewUITests.xctest */,
			);
			name = Products;
			sourceTree = "<group>";
		};
		DA8B413A29AC5840007B09A2 /* tableview */ = {
			isa = PBXGroup;
			children = (
				DA8B413B29AC5840007B09A2 /* AppDelegate.swift */,
				DA8B413D29AC5840007B09A2 /* SceneDelegate.swift */,
				DA8B413F29AC5840007B09A2 /* ViewController.swift */,
				DA8B416F29AC6057007B09A2 /* SecondViewController.swift */,
				DA8B416B29AC5E28007B09A2 /* LanguageName.swift */,
				DA8B414129AC5840007B09A2 /* Main.storyboard */,
				DA8B414429AC5842007B09A2 /* Assets.xcassets */,
				DA8B414629AC5842007B09A2 /* LaunchScreen.storyboard */,
				DA8B414929AC5842007B09A2 /* Info.plist */,
			);
			path = tableview;
			sourceTree = "<group>";
		};
		DA8B415129AC5843007B09A2 /* tableviewTests */ = {
			isa = PBXGroup;
			children = (
				DA8B415229AC5843007B09A2 /* tableviewTests.swift */,
			);
			path = tableviewTests;
			sourceTree = "<group>";
		};
		DA8B415B29AC5843007B09A2 /* tableviewUITests */ = {
			isa = PBXGroup;
			children = (
				DA8B415C29AC5843007B09A2 /* tableviewUITests.swift */,
				DA8B415E29AC5843007B09A2 /* tableviewUITestsLaunchTests.swift */,
			);
			path = tableviewUITests;
			sourceTree = "<group>";
		};
/* End PBXGroup section */

/* Begin PBXNativeTarget section */
		DA8B413729AC5840007B09A2 /* tableview */ = {
			isa = PBXNativeTarget;
			buildConfigurationList = DA8B416229AC5843007B09A2 /* Build configuration list for PBXNativeTarget "tableview" */;
			buildPhases = (
				DA8B413429AC5840007B09A2 /* Sources */,
				DA8B413529AC5840007B09A2 /* Frameworks */,
				DA8B413629AC5840007B09A2 /* Resources */,
			);
			buildRules = (
			);
			dependencies = (
			);
			name = tableview;
			productName = tableview;
			productReference = DA8B413829AC5840007B09A2 /* tableview.app */;
			productType = "com.apple.product-type.application";
		};
		DA8B414D29AC5843007B09A2 /* tableviewTests */ = {
			isa = PBXNativeTarget;
			buildConfigurationList = DA8B416529AC5843007B09A2 /* Build configuration list for PBXNativeTarget "tableviewTests" */;
			buildPhases = (
				DA8B414A29AC5843007B09A2 /* Sources */,
				DA8B414B29AC5843007B09A2 /* Frameworks */,
				DA8B414C29AC5843007B09A2 /* Resources */,
			);
			buildRules = (
			);
			dependencies = (
				DA8B415029AC5843007B09A2 /* PBXTargetDependency */,
			);
			name = tableviewTests;
			productName = tableviewTests;
			productReference = DA8B414E29AC5843007B09A2 /* tableviewTests.xctest */;
			productType = "com.apple.product-type.bundle.unit-test";
		};
		DA8B415729AC5843007B09A2 /* tableviewUITests */ = {
			isa = PBXNativeTarget;
			buildConfigurationList = DA8B416829AC5843007B09A2 /* Build configuration list for PBXNativeTarget "tableviewUITests" */;
			buildPhases = (
				DA8B415429AC5843007B09A2 /* Sources */,
				DA8B415529AC5843007B09A2 /* Frameworks */,
				DA8B415629AC5843007B09A2 /* Resources */,
			);
			buildRules = (
			);
			dependencies = (
				DA8B415A29AC5843007B09A2 /* PBXTargetDependency */,
			);
			name = tableviewUITests;
			productName = tableviewUITests;
			productReference = DA8B415829AC5843007B09A2 /* tableviewUITests.xctest */;
			productType = "com.apple.product-type.bundle.ui-testing";
		};
/* End PBXNativeTarget section */

/* Begin PBXProject section */
		DA8B413029AC5840007B09A2 /* Project object */ = {
			isa = PBXProject;
			attributes = {
				BuildIndependentTargetsInParallel = 1;
				LastSwiftUpdateCheck = 1420;
				LastUpgradeCheck = 1420;
				TargetAttributes = {
					DA8B413729AC5840007B09A2 = {
						CreatedOnToolsVersion = 14.2;
					};
					DA8B414D29AC5843007B09A2 = {
						CreatedOnToolsVersion = 14.2;
						TestTargetID = DA8B413729AC5840007B09A2;
					};
					DA8B415729AC5843007B09A2 = {
						CreatedOnToolsVersion = 14.2;
						TestTargetID = DA8B413729AC5840007B09A2;
					};
				};
			};
			buildConfigurationList = DA8B413329AC5840007B09A2 /* Build configuration list for PBXProject "tableview" */;
			compatibilityVersion = "Xcode 14.0";
			developmentRegion = en;
			hasScannedForEncodings = 0;
			knownRegions = (
				en,
				Base,
			);
			mainGroup = DA8B412F29AC5840007B09A2;
			productRefGroup = DA8B413929AC5840007B09A2 /* Products */;
			projectDirPath = "";
			projectRoot = "";
			targets = (
				DA8B413729AC5840007B09A2 /* tableview */,
				DA8B414D29AC5843007B09A2 /* tableviewTests */,
				DA8B415729AC5843007B09A2 /* tableviewUITests */,
			);
		};
/* End PBXProject section */

/* Begin PBXResourcesBuildPhase section */
		DA8B413629AC5840007B09A2 /* Resources */ = {
			isa = PBXResourcesBuildPhase;
			buildActionMask = 2147483647;
			files = (
				DA8B414829AC5842007B09A2 /* LaunchScreen.storyboard in Resources */,
				DA8B414529AC5842007B09A2 /* Assets.xcassets in Resources */,
				DA8B414329AC5840007B09A2 /* Main.storyboard in Resources */,
			);
			runOnlyForDeploymentPostprocessing = 0;
		};
		DA8B414C29AC5843007B09A2 /* Resources */ = {
			isa = PBXResourcesBuildPhase;
			buildActionMask = 2147483647;
			files = (
			);
			runOnlyForDeploymentPostprocessing = 0;
		};
		DA8B415629AC5843007B09A2 /* Resources */ = {
			isa = PBXResourcesBuildPhase;
			buildActionMask = 2147483647;
			files = (
			);
			runOnlyForDeploymentPostprocessing = 0;
		};
/* End PBXResourcesBuildPhase section */

/* Begin PBXSourcesBuildPhase section */
		DA8B413429AC5840007B09A2 /* Sources */ = {
			isa = PBXSourcesBuildPhase;
			buildActionMask = 2147483647;
			files = (
				DA8B414029AC5840007B09A2 /* ViewController.swift in Sources */,
				DA8B413C29AC5840007B09A2 /* AppDelegate.swift in Sources */,
				DA8B416C29AC5E28007B09A2 /* LanguageName.swift in Sources */,
				DA8B417029AC6057007B09A2 /* SecondViewController.swift in Sources */,
				DA8B413E29AC5840007B09A2 /* SceneDelegate.swift in Sources */,
			);
			runOnlyForDeploymentPostprocessing = 0;
		};
		DA8B414A29AC5843007B09A2 /* Sources */ = {
			isa = PBXSourcesBuildPhase;
			buildActionMask = 2147483647;
			files = (
				DA8B415329AC5843007B09A2 /* tableviewTests.swift in Sources */,
			);
			runOnlyForDeploymentPostprocessing = 0;
		};
		DA8B415429AC5843007B09A2 /* Sources */ = {
			isa = PBXSourcesBuildPhase;
			buildActionMask = 2147483647;
			files = (
				DA8B415F29AC5843007B09A2 /* tableviewUITestsLaunchTests.swift in Sources */,
				DA8B415D29AC5843007B09A2 /* tableviewUITests.swift in Sources */,
			);
			runOnlyForDeploymentPostprocessing = 0;
		};
/* End PBXSourcesBuildPhase section */

/* Begin PBXTargetDependency section */
		DA8B415029AC5843007B09A2 /* PBXTargetDependency */ = {
			isa = PBXTargetDependency;
			target = DA8B413729AC5840007B09A2 /* tableview */;
			targetProxy = DA8B414F29AC5843007B09A2 /* PBXContainerItemProxy */;
		};
		DA8B415A29AC5843007B09A2 /* PBXTargetDependency */ = {
			isa = PBXTargetDependency;
			target = DA8B413729AC5840007B09A2 /* tableview */;
			targetProxy = DA8B415929AC5843007B09A2 /* PBXContainerItemProxy */;
		};
/* End PBXTargetDependency section */

/* Begin PBXVariantGroup section */
		DA8B414129AC5840007B09A2 /* Main.storyboard */ = {
			isa = PBXVariantGroup;
			children = (
				DA8B414229AC5840007B09A2 /* Base */,
			);
			name = Main.storyboard;
			sourceTree = "<group>";
		};
		DA8B414629AC5842007B09A2 /* LaunchScreen.storyboard */ = {
			isa = PBXVariantGroup;
			children = (
				DA8B414729AC5842007B09A2 /* Base */,
			);
			name = LaunchScreen.storyboard;
			sourceTree = "<group>";
		};
/* End PBXVariantGroup section */

/* Begin XCBuildConfiguration section */
		DA8B416029AC5843007B09A2 /* Debug */ = {
			isa = XCBuildConfiguration;
			buildSettings = {
				ALWAYS_SEARCH_USER_PATHS = NO;
				CLANG_ANALYZER_NONNULL = YES;
				CLANG_ANALYZER_NUMBER_OBJECT_CONVERSION = YES_AGGRESSIVE;
				CLANG_CXX_LANGUAGE_STANDARD = "gnu++20";
				CLANG_ENABLE_MODULES = YES;
				CLANG_ENABLE_OBJC_ARC = YES;
				CLANG_ENABLE_OBJC_WEAK = YES;
				CLANG_WARN_BLOCK_CAPTURE_AUTORELEASING = YES;
				CLANG_WARN_BOOL_CONVERSION = YES;
				CLANG_WARN_COMMA = YES;
				CLANG_WARN_CONSTANT_CONVERSION = YES;
				CLANG_WARN_DEPRECATED_OBJC_IMPLEMENTATIONS = YES;
				CLANG_WARN_DIRECT_OBJC_ISA_USAGE = YES_ERROR;
				CLANG_WARN_DOCUMENTATION_COMMENTS = YES;
				CLANG_WARN_EMPTY_BODY = YES;
				CLANG_WARN_ENUM_CONVERSION = YES;
				CLANG_WARN_INFINITE_RECURSION = YES;
				CLANG_WARN_INT_CONVERSION = YES;
				CLANG_WARN_NON_LITERAL_NULL_CONVERSION = YES;
				CLANG_WARN_OBJC_IMPLICIT_RETAIN_SELF = YES;
				CLANG_WARN_OBJC_LITERAL_CONVERSION = YES;
				CLANG_WARN_OBJC_ROOT_CLASS = YES_ERROR;
				CLANG_WARN_QUOTED_INCLUDE_IN_FRAMEWORK_HEADER = YES;
				CLANG_WARN_RANGE_LOOP_ANALYSIS = YES;
				CLANG_WARN_STRICT_PROTOTYPES = YES;
				CLANG_WARN_SUSPICIOUS_MOVE = YES;
				CLANG_WARN_UNGUARDED_AVAILABILITY = YES_AGGRESSIVE;
				CLANG_WARN_UNREACHABLE_CODE = YES;
				CLANG_WARN__DUPLICATE_METHOD_MATCH = YES;
				COPY_PHASE_STRIP = NO;
				DEBUG_INFORMATION_FORMAT = dwarf;
				ENABLE_STRICT_OBJC_MSGSEND = YES;
				ENABLE_TESTABILITY = YES;
				GCC_C_LANGUAGE_STANDARD = gnu11;
				GCC_DYNAMIC_NO_PIC = NO;
				GCC_NO_COMMON_BLOCKS = YES;
				GCC_OPTIMIZATION_LEVEL = 0;
				GCC_PREPROCESSOR_DEFINITIONS = (
					"DEBUG=1",
					"$(inherited)",
				);
				GCC_WARN_64_TO_32_BIT_CONVERSION = YES;
				GCC_WARN_ABOUT_RETURN_TYPE = YES_ERROR;
				GCC_WARN_UNDECLARED_SELECTOR = YES;
				GCC_WARN_UNINITIALIZED_AUTOS = YES_AGGRESSIVE;
				GCC_WARN_UNUSED_FUNCTION = YES;
				GCC_WARN_UNUSED_VARIABLE = YES;
				IPHONEOS_DEPLOYMENT_TARGET = 16.2;
				MTL_ENABLE_DEBUG_INFO = INCLUDE_SOURCE;
				MTL_FAST_MATH = YES;
				ONLY_ACTIVE_ARCH = YES;
				SDKROOT = iphoneos;
				SWIFT_ACTIVE_COMPILATION_CONDITIONS = DEBUG;
				SWIFT_OPTIMIZATION_LEVEL = "-Onone";
			};
			name = Debug;
		};
		DA8B416129AC5843007B09A2 /* Release */ = {
			isa = XCBuildConfiguration;
			buildSettings = {
				ALWAYS_SEARCH_USER_PATHS = NO;
				CLANG_ANALYZER_NONNULL = YES;
				CLANG_ANALYZER_NUMBER_OBJECT_CONVERSION = YES_AGGRESSIVE;
				CLANG_CXX_LANGUAGE_STANDARD = "gnu++20";
				CLANG_ENABLE_MODULES = YES;
				CLANG_ENABLE_OBJC_ARC = YES;
				CLANG_ENABLE_OBJC_WEAK = YES;
				CLANG_WARN_BLOCK_CAPTURE_AUTORELEASING = YES;
				CLANG_WARN_BOOL_CONVERSION = YES;
				CLANG_WARN_COMMA = YES;
				CLANG_WARN_CONSTANT_CONVERSION = YES;
				CLANG_WARN_DEPRECATED_OBJC_IMPLEMENTATIONS = YES;
				CLANG_WARN_DIRECT_OBJC_ISA_USAGE = YES_ERROR;
				CLANG_WARN_DOCUMENTATION_COMMENTS = YES;
				CLANG_WARN_EMPTY_BODY = YES;
				CLANG_WARN_ENUM_CONVERSION = YES;
				CLANG_WARN_INFINITE_RECURSION = YES;
				CLANG_WARN_INT_CONVERSION = YES;
				CLANG_WARN_NON_LITERAL_NULL_CONVERSION = YES;
				CLANG_WARN_OBJC_IMPLICIT_RETAIN_SELF = YES;
				CLANG_WARN_OBJC_LITERAL_CONVERSION = YES;
				CLANG_WARN_OBJC_ROOT_CLASS = YES_ERROR;
				CLANG_WARN_QUOTED_INCLUDE_IN_FRAMEWORK_HEADER = YES;
				CLANG_WARN_RANGE_LOOP_ANALYSIS = YES;
				CLANG_WARN_STRICT_PROTOTYPES = YES;
				CLANG_WARN_SUSPICIOUS_MOVE = YES;
				CLANG_WARN_UNGUARDED_AVAILABILITY = YES_AGGRESSIVE;
				CLANG_WARN_UNREACHABLE_CODE = YES;
				CLANG_WARN__DUPLICATE_METHOD_MATCH = YES;
				COPY_PHASE_STRIP = NO;
				DEBUG_INFORMATION_FORMAT = "dwarf-with-dsym";
				ENABLE_NS_ASSERTIONS = NO;
				ENABLE_STRICT_OBJC_MSGSEND = YES;
				GCC_C_LANGUAGE_STANDARD = gnu11;
				GCC_NO_COMMON_BLOCKS = YES;
				GCC_WARN_64_TO_32_BIT_CONVERSION = YES;
				GCC_WARN_ABOUT_RETURN_TYPE = YES_ERROR;
				GCC_WARN_UNDECLARED_SELECTOR = YES;
				GCC_WARN_UNINITIALIZED_AUTOS = YES_AGGRESSIVE;
				GCC_WARN_UNUSED_FUNCTION = YES;
				GCC_WARN_UNUSED_VARIABLE = YES;
				IPHONEOS_DEPLOYMENT_TARGET = 16.2;
				MTL_ENABLE_DEBUG_INFO = NO;
				MTL_FAST_MATH = YES;
				SDKROOT = iphoneos;
				SWIFT_COMPILATION_MODE = wholemodule;
				SWIFT_OPTIMIZATION_LEVEL = "-O";
				VALIDATE_PRODUCT = YES;
			};
			name = Release;
		};
		DA8B416329AC5843007B09A2 /* Debug */ = {
			isa = XCBuildConfiguration;
			buildSettings = {
				ASSETCATALOG_COMPILER_APPICON_NAME = AppIcon;
				ASSETCATALOG_COMPILER_GLOBAL_ACCENT_COLOR_NAME = AccentColor;
				CODE_SIGN_STYLE = Automatic;
				CURRENT_PROJECT_VERSION = 1;
				GENERATE_INFOPLIST_FILE = YES;
				INFOPLIST_FILE = tableview/Info.plist;
				INFOPLIST_KEY_UIApplicationSupportsIndirectInputEvents = YES;
				INFOPLIST_KEY_UILaunchStoryboardName = LaunchScreen;
				INFOPLIST_KEY_UIMainStoryboardFile = Main;
				INFOPLIST_KEY_UISupportedInterfaceOrientations_iPad = "UIInterfaceOrientationPortrait UIInterfaceOrientationPortraitUpsideDown UIInterfaceOrientationLandscapeLeft UIInterfaceOrientationLandscapeRight";
				INFOPLIST_KEY_UISupportedInterfaceOrientations_iPhone = "UIInterfaceOrientationPortrait UIInterfaceOrientationLandscapeLeft UIInterfaceOrientationLandscapeRight";
				LD_RUNPATH_SEARCH_PATHS = (
					"$(inherited)",
					"@executable_path/Frameworks",
				);
				MARKETING_VERSION = 1.0;
				PRODUCT_BUNDLE_IDENTIFIER = nicole.tableview;
				PRODUCT_NAME = "$(TARGET_NAME)";
				SWIFT_EMIT_LOC_STRINGS = YES;
				SWIFT_VERSION = 5.0;
				TARGETED_DEVICE_FAMILY = "1,2";
			};
			name = Debug;
		};
		DA8B416429AC5843007B09A2 /* Release */ = {
			isa = XCBuildConfiguration;
			buildSettings = {
				ASSETCATALOG_COMPILER_APPICON_NAME = AppIcon;
				ASSETCATALOG_COMPILER_GLOBAL_ACCENT_COLOR_NAME = AccentColor;
				CODE_SIGN_STYLE = Automatic;
				CURRENT_PROJECT_VERSION = 1;
				GENERATE_INFOPLIST_FILE = YES;
				INFOPLIST_FILE = tableview/Info.plist;
				INFOPLIST_KEY_UIApplicationSupportsIndirectInputEvents = YES;
				INFOPLIST_KEY_UILaunchStoryboardName = LaunchScreen;
				INFOPLIST_KEY_UIMainStoryboardFile = Main;
				INFOPLIST_KEY_UISupportedInterfaceOrientations_iPad = "UIInterfaceOrientationPortrait UIInterfaceOrientationPortraitUpsideDown UIInterfaceOrientationLandscapeLeft UIInterfaceOrientationLandscapeRight";
				INFOPLIST_KEY_UISupportedInterfaceOrientations_iPhone = "UIInterfaceOrientationPortrait UIInterfaceOrientationLandscapeLeft UIInterfaceOrientationLandscapeRight";
				LD_RUNPATH_SEARCH_PATHS = (
					"$(inherited)",
					"@executable_path/Frameworks",
				);
				MARKETING_VERSION = 1.0;
				PRODUCT_BUNDLE_IDENTIFIER = nicole.tableview;
				PRODUCT_NAME = "$(TARGET_NAME)";
				SWIFT_EMIT_LOC_STRINGS = YES;
				SWIFT_VERSION = 5.0;
				TARGETED_DEVICE_FAMILY = "1,2";
			};
			name = Release;
		};
		DA8B416629AC5843007B09A2 /* Debug */ = {
			isa = XCBuildConfiguration;
			buildSettings = {
				ALWAYS_EMBED_SWIFT_STANDARD_LIBRARIES = YES;
				BUNDLE_LOADER = "$(TEST_HOST)";
				CODE_SIGN_STYLE = Automatic;
				CURRENT_PROJECT_VERSION = 1;
				GENERATE_INFOPLIST_FILE = YES;
				IPHONEOS_DEPLOYMENT_TARGET = 16.2;
				MARKETING_VERSION = 1.0;
				PRODUCT_BUNDLE_IDENTIFIER = nicole.tableviewTests;
				PRODUCT_NAME = "$(TARGET_NAME)";
				SWIFT_EMIT_LOC_STRINGS = NO;
				SWIFT_VERSION = 5.0;
				TARGETED_DEVICE_FAMILY = "1,2";
				TEST_HOST = "$(BUILT_PRODUCTS_DIR)/tableview.app/$(BUNDLE_EXECUTABLE_FOLDER_PATH)/tableview";
			};
			name = Debug;
		};
		DA8B416729AC5843007B09A2 /* Release */ = {
			isa = XCBuildConfiguration;
			buildSettings = {
				ALWAYS_EMBED_SWIFT_STANDARD_LIBRARIES = YES;
				BUNDLE_LOADER = "$(TEST_HOST)";
				CODE_SIGN_STYLE = Automatic;
				CURRENT_PROJECT_VERSION = 1;
				GENERATE_INFOPLIST_FILE = YES;
				IPHONEOS_DEPLOYMENT_TARGET = 16.2;
				MARKETING_VERSION = 1.0;
				PRODUCT_BUNDLE_IDENTIFIER = nicole.tableviewTests;
				PRODUCT_NAME = "$(TARGET_NAME)";
				SWIFT_EMIT_LOC_STRINGS = NO;
				SWIFT_VERSION = 5.0;
				TARGETED_DEVICE_FAMILY = "1,2";
				TEST_HOST = "$(BUILT_PRODUCTS_DIR)/tableview.app/$(BUNDLE_EXECUTABLE_FOLDER_PATH)/tableview";
			};
			name = Release;
		};
		DA8B416929AC5843007B09A2 /* Debug */ = {
			isa = XCBuildConfiguration;
			buildSettings = {
				ALWAYS_EMBED_SWIFT_STANDARD_LIBRARIES = YES;
				CODE_SIGN_STYLE = Automatic;
				CURRENT_PROJECT_VERSION = 1;
				GENERATE_INFOPLIST_FILE = YES;
				MARKETING_VERSION = 1.0;
				PRODUCT_BUNDLE_IDENTIFIER = nicole.tableviewUITests;
				PRODUCT_NAME = "$(TARGET_NAME)";
				SWIFT_EMIT_LOC_STRINGS = NO;
				SWIFT_VERSION = 5.0;
				TARGETED_DEVICE_FAMILY = "1,2";
				TEST_TARGET_NAME = tableview;
			};
			name = Debug;
		};
		DA8B416A29AC5843007B09A2 /* Release */ = {
			isa = XCBuildConfiguration;
			buildSettings = {
				ALWAYS_EMBED_SWIFT_STANDARD_LIBRARIES = YES;
				CODE_SIGN_STYLE = Automatic;
				CURRENT_PROJECT_VERSION = 1;
				GENERATE_INFOPLIST_FILE = YES;
				MARKETING_VERSION = 1.0;
				PRODUCT_BUNDLE_IDENTIFIER = nicole.tableviewUITests;
				PRODUCT_NAME = "$(TARGET_NAME)";
				SWIFT_EMIT_LOC_STRINGS = NO;
				SWIFT_VERSION = 5.0;
				TARGETED_DEVICE_FAMILY = "1,2";
				TEST_TARGET_NAME = tableview;
			};
			name = Release;
		};
/* End XCBuildConfiguration section */

/* Begin XCConfigurationList section */
		DA8B413329AC5840007B09A2 /* Build configuration list for PBXProject "tableview" */ = {
			isa = XCConfigurationList;
			buildConfigurations = (
				DA8B416029AC5843007B09A2 /* Debug */,
				DA8B416129AC5843007B09A2 /* Release */,
			);
			defaultConfigurationIsVisible = 0;
			defaultConfigurationName = Release;
		};
		DA8B416229AC5843007B09A2 /* Build configuration list for PBXNativeTarget "tableview" */ = {
			isa = XCConfigurationList;
			buildConfigurations = (
				DA8B416329AC5843007B09A2 /* Debug */,
				DA8B416429AC5843007B09A2 /* Release */,
			);
			defaultConfigurationIsVisible = 0;
			defaultConfigurationName = Release;
		};
		DA8B416529AC5843007B09A2 /* Build configuration list for PBXNativeTarget "tableviewTests" */ = {
			isa = XCConfigurationList;
			buildConfigurations = (
				DA8B416629AC5843007B09A2 /* Debug */,
				DA8B416729AC5843007B09A2 /* Release */,
			);
			defaultConfigurationIsVisible = 0;
			defaultConfigurationName = Release;
		};
		DA8B416829AC5843007B09A2 /* Build configuration list for PBXNativeTarget "tableviewUITests" */ = {
			isa = XCConfigurationList;
			buildConfigurations = (
				DA8B416929AC5843007B09A2 /* Debug */,
				DA8B416A29AC5843007B09A2 /* Release */,
			);
			defaultConfigurationIsVisible = 0;
			defaultConfigurationName = Release;
		};
/* End XCConfigurationList section */
	};
	rootObject = DA8B413029AC5840007B09A2 /* Project object */;
}
